
Microsoft Visual Studio Solution File, Format Version 12.00
# Visual Studio 15
VisualStudioVersion = 15.0.27130.2020
MinimumVisualStudioVersion = 10.0.40219.1
Project("{9A19103F-16F7-4668-BE54-9A1E7A4F7556}") = "ProfilZaufany", "ProfilZaufany\ProfilZaufany.csproj", "{B25BD101-8591-477F-8C40-F7521F1858D5}"
EndProject
Project("{FAE04EC0-301F-11D3-BF4B-00C04F79EFBC}") = "ProfilZaufany.TestApp", "ProfilZaufany.TestApp\ProfilZaufany.TestApp.csproj", "{2D98A87B-E7FB-40E9-9D1A-E082CC10D514}"
EndProject
Global
	GlobalSection(SolutionConfigurationPlatforms) = preSolution
		Debug|Any CPU = Debug|Any CPU
		Release|Any CPU = Release|Any CPU
	EndGlobalSection
	GlobalSection(ProjectConfigurationPlatforms) = postSolution
		{B25BD101-8591-477F-8C40-F7521F1858D5}.Debug|Any CPU.ActiveCfg = Debug|Any CPU
		{B25BD101-8591-477F-8C40-F7521F1858D5}.Debug|Any CPU.Build.0 = Debug|Any CPU
		{B25BD101-8591-477F-8C40-F7521F1858D5}.Release|Any CPU.ActiveCfg = Release|Any CPU
		{B25BD101-8591-477F-8C40-F7521F1858D5}.Release|Any CPU.Build.0 = Release|Any CPU
		{2D98A87B-E7FB-40E9-9D1A-E082CC10D514}.Debug|Any CPU.ActiveCfg = Debug|Any CPU
		{2D98A87B-E7FB-40E9-9D1A-E082CC10D514}.Debug|Any CPU.Build.0 = Debug|Any CPU
		{2D98A87B-E7FB-40E9-9D1A-E082CC10D514}.Release|Any CPU.ActiveCfg = Release|Any CPU
		{2D98A87B-E7FB-40E9-9D1A-E082CC10D514}.Release|Any CPU.Build.0 = Release|Any CPU
	EndGlobalSection
	GlobalSection(SolutionProperties) = preSolution
		HideSolutionNode = FALSE
	EndGlobalSection
	GlobalSection(ExtensibilityGlobals) = postSolution
		SolutionGuid = {7BD2D928-8EBD-4516-A0AA-EFD3799FC63C}
	EndGlobalSection
EndGlobal
